Microsoft Visual Studio Solution File, Format Version 12.00
# Visual Studio 2010
Project("{8BC9CEB8-8B4A-11D0-8D11-00A0C91BC942}") = "libirc", "libirc\libirc-vc2010.vcxproj", "{F1EEBF87-28F6-46BE-B91B-B3DEB03DA12E}"
EndProject
Project("{8BC9CEB8-8B4A-11D0-8D11-00A0C91BC942}") = "libwebqq", "libwebqq\libwebqq-vc2010.vcxproj", "{0CE5AB2D-4A1B-43C7-9046-0FF48AB5B516}"
EndProject
Project("{8BC9CEB8-8B4A-11D0-8D11-00A0C91BC942}") = "gloox 1.0", "libxmpp\gloox\gloox-vs2010.vcxproj", "{4DDB9C8A-C4A7-4518-A470-0B88629D8B66}"
EndProject
Project("{8BC9CEB8-8B4A-11D0-8D11-00A0C91BC942}") = "libmailexchange", "libmailexchange\libmailexchange.vcxproj", "{11C86085-19EE-494C-A604-991D0FF8FE70}"
EndProject
Project("{8BC9CEB8-8B4A-11D0-8D11-00A0C91BC942}") = "avbot", "avbot.vcxproj", "{3CAEDF8C-F77D-44EB-9367-1C74AEDCD0E8}"
	ProjectSection(ProjectDependencies) = postProject
		{0CE5AB2D-4A1B-43C7-9046-0FF48AB5B516} = {0CE5AB2D-4A1B-43C7-9046-0FF48AB5B516}
		{9E8F1F83-FA7D-437C-A1CD-32728B7551D3} = {9E8F1F83-FA7D-437C-A1CD-32728B7551D3}
		{11C86085-19EE-494C-A604-991D0FF8FE70} = {11C86085-19EE-494C-A604-991D0FF8FE70}
		{F1EEBF87-28F6-46BE-B91B-B3DEB03DA12E} = {F1EEBF87-28F6-46BE-B91B-B3DEB03DA12E}
	EndProjectSection
EndProject
Project("{8BC9CEB8-8B4A-11D0-8D11-00A0C91BC942}") = "libxmpp", "libxmpp\libxmpp.vcxproj", "{9E8F1F83-FA7D-437C-A1CD-32728B7551D3}"
	ProjectSection(ProjectDependencies) = postProject
		{4DDB9C8A-C4A7-4518-A470-0B88629D8B66} = {4DDB9C8A-C4A7-4518-A470-0B88629D8B66}
	EndProjectSection
EndProject
Global
	GlobalSection(SolutionConfigurationPlatforms) = preSolution
		Debug|Win32 = Debug|Win32
		Release|Win32 = Release|Win32
	EndGlobalSection
	GlobalSection(ProjectConfigurationPlatforms) = postSolution
		{F1EEBF87-28F6-46BE-B91B-B3DEB03DA12E}.Debug|Win32.ActiveCfg = Debug|Win32
		{F1EEBF87-28F6-46BE-B91B-B3DEB03DA12E}.Debug|Win32.Build.0 = Debug|Win32
		{F1EEBF87-28F6-46BE-B91B-B3DEB03DA12E}.Release|Win32.ActiveCfg = Release|Win32
		{F1EEBF87-28F6-46BE-B91B-B3DEB03DA12E}.Release|Win32.Build.0 = Release|Win32
		{0CE5AB2D-4A1B-43C7-9046-0FF48AB5B516}.Debug|Win32.ActiveCfg = Debug|Win32
		{0CE5AB2D-4A1B-43C7-9046-0FF48AB5B516}.Debug|Win32.Build.0 = Debug|Win32
		{0CE5AB2D-4A1B-43C7-9046-0FF48AB5B516}.Release|Win32.ActiveCfg = Release|Win32
		{0CE5AB2D-4A1B-43C7-9046-0FF48AB5B516}.Release|Win32.Build.0 = Release|Win32
		{4DDB9C8A-C4A7-4518-A470-0B88629D8B66}.Debug|Win32.ActiveCfg = Debug|Win32
		{4DDB9C8A-C4A7-4518-A470-0B88629D8B66}.Debug|Win32.Build.0 = Debug|Win32
		{4DDB9C8A-C4A7-4518-A470-0B88629D8B66}.Release|Win32.ActiveCfg = Release|Win32
		{4DDB9C8A-C4A7-4518-A470-0B88629D8B66}.Release|Win32.Build.0 = Release|Win32
		{11C86085-19EE-494C-A604-991D0FF8FE70}.Debug|Win32.ActiveCfg = Debug|Win32
		{11C86085-19EE-494C-A604-991D0FF8FE70}.Debug|Win32.Build.0 = Debug|Win32
		{11C86085-19EE-494C-A604-991D0FF8FE70}.Release|Win32.ActiveCfg = Release|Win32
		{11C86085-19EE-494C-A604-991D0FF8FE70}.Release|Win32.Build.0 = Release|Win32
		{3CAEDF8C-F77D-44EB-9367-1C74AEDCD0E8}.Debug|Win32.ActiveCfg = Debug|Win32
		{3CAEDF8C-F77D-44EB-9367-1C74AEDCD0E8}.Debug|Win32.Build.0 = Debug|Win32
		{3CAEDF8C-F77D-44EB-9367-1C74AEDCD0E8}.Release|Win32.ActiveCfg = Release|Win32
		{3CAEDF8C-F77D-44EB-9367-1C74AEDCD0E8}.Release|Win32.Build.0 = Release|Win32
		{9E8F1F83-FA7D-437C-A1CD-32728B7551D3}.Debug|Win32.ActiveCfg = Debug|Win32
		{9E8F1F83-FA7D-437C-A1CD-32728B7551D3}.Debug|Win32.Build.0 = Debug|Win32
		{9E8F1F83-FA7D-437C-A1CD-32728B7551D3}.Release|Win32.ActiveCfg = Release|Win32
		{9E8F1F83-FA7D-437C-A1CD-32728B7551D3}.Release|Win32.Build.0 = Release|Win32
	EndGlobalSection
	GlobalSection(SolutionProperties) = preSolution
		HideSolutionNode = FALSE
	EndGlobalSection
EndGlobal
