<?xml version="1.0" encoding="utf-8"?>
<Project ToolsVersion="4.0" xmlns="http://schemas.microsoft.com/developer/msbuild/2003">
  <ItemGroup>
    <Filter Include="源文件">
      <UniqueIdentifier>{4FC737F1-C7A5-4376-A066-2A32D752A2FF}</UniqueIdentifier>
      <Extensions>cpp;c;cc;cxx;def;odl;idl;hpj;bat;asm;asmx</Extensions>
    </Filter>
    <Filter Include="头文件">
      <UniqueIdentifier>{93995380-89BD-4b04-88EB-625FBE52EBFB}</UniqueIdentifier>
      <Extensions>h;hpp;hxx;hm;inl;inc;xsd</Extensions>
    </Filter>
    <Filter Include="资源文件">
      <UniqueIdentifier>{67DA6AB6-F800-4c08-8B7A-83BB121AAD01}</UniqueIdentifier>
      <Extensions>rc;ico;cur;bmp;dlg;rc2;rct;bin;rgs;gif;jpg;jpeg;jpe;resx;tiff;tif;png;wav;mfcribbon-ms</Extensions>
    </Filter>
    <Filter Include="libxmpp">
      <UniqueIdentifier>{8823fa60-d89f-462e-8f88-5fd6a425a1e9}</UniqueIdentifier>
    </Filter>
    <Filter Include="libxmpp\gloox">
      <UniqueIdentifier>{3f68a364-5a02-4f54-b036-dbaed3df05dc}</UniqueIdentifier>
    </Filter>
    <Filter Include="libmailexchange">
      <UniqueIdentifier>{f5b7207f-a08d-47a6-bc8b-0c2a560b7c50}</UniqueIdentifier>
    </Filter>
    <Filter Include="libirc">
      <UniqueIdentifier>{f2b6b46a-6ec3-40a8-9679-ef52d83946bc}</UniqueIdentifier>
    </Filter>
    <Filter Include="libavlog">
      <UniqueIdentifier>{51a3d37d-63b8-411b-a8d3-c2ccf0f79d5f}</UniqueIdentifier>
    </Filter>
    <Filter Include="libwebqq">
      <UniqueIdentifier>{f4cc9d48-8827-41a3-8947-3050cc7083fb}</UniqueIdentifier>
    </Filter>
    <Filter Include="extension">
      <UniqueIdentifier>{fec74684-a910-46ad-a057-32f7e9c38c2b}</UniqueIdentifier>
    </Filter>
    <Filter Include="libavbot">
      <UniqueIdentifier>{96d230ca-64f0-4dc9-a438-68056975a59f}</UniqueIdentifier>
    </Filter>
  </ItemGroup>
  <ItemGroup>
    <ClCompile Include="libxmpp\xmpp.cpp">
      <Filter>libxmpp</Filter>
    </ClCompile>
    <ClCompile Include="libxmpp\xmpp_impl.cpp">
      <Filter>libxmpp</Filter>
    </ClCompile>
    <ClCompile Include="libxmpp\gloox\gloox\stanzaextensionfactory.cpp">
      <Filter>libxmpp\gloox</Filter>
    </ClCompile>
    <ClCompile Include="libxmpp\gloox\gloox\subscription.cpp">
      <Filter>libxmpp\gloox</Filter>
    </ClCompile>
    <ClCompile Include="libxmpp\gloox\gloox\tag.cpp">
      <Filter>libxmpp\gloox</Filter>
    </ClCompile>
    <ClCompile Include="libxmpp\gloox\gloox\tlsdefault.cpp">
      <Filter>libxmpp\gloox</Filter>
    </ClCompile>
    <ClCompile Include="libxmpp\gloox\gloox\tlsopensslbase.cpp">
      <Filter>libxmpp\gloox</Filter>
    </ClCompile>
    <ClCompile Include="libxmpp\gloox\gloox\tlsopensslclient.cpp">
      <Filter>libxmpp\gloox</Filter>
    </ClCompile>
    <ClCompile Include="libxmpp\gloox\gloox\tlsschannel.cpp">
      <Filter>libxmpp\gloox</Filter>
    </ClCompile>
    <ClCompile Include="libxmpp\gloox\gloox\uniquemucroom.cpp">
      <Filter>libxmpp\gloox</Filter>
    </ClCompile>
    <ClCompile Include="libxmpp\gloox\gloox\util.cpp">
      <Filter>libxmpp\gloox</Filter>
    </ClCompile>
    <ClCompile Include="libxmpp\gloox\gloox\vcard.cpp">
      <Filter>libxmpp\gloox</Filter>
    </ClCompile>
    <ClCompile Include="libxmpp\gloox\gloox\vcardmanager.cpp">
      <Filter>libxmpp\gloox</Filter>
    </ClCompile>
    <ClCompile Include="libxmpp\gloox\gloox\vcardupdate.cpp">
      <Filter>libxmpp\gloox</Filter>
    </ClCompile>
    <ClCompile Include="libxmpp\gloox\gloox\xhtmlim.cpp">
      <Filter>libxmpp\gloox</Filter>
    </ClCompile>
    <ClCompile Include="libxmpp\gloox\gloox\adhoc.cpp">
      <Filter>libxmpp\gloox</Filter>
    </ClCompile>
    <ClCompile Include="libxmpp\gloox\gloox\amp.cpp">
      <Filter>libxmpp\gloox</Filter>
    </ClCompile>
    <ClCompile Include="libxmpp\gloox\gloox\annotations.cpp">
      <Filter>libxmpp\gloox</Filter>
    </ClCompile>
    <ClCompile Include="libxmpp\gloox\gloox\attention.cpp">
      <Filter>libxmpp\gloox</Filter>
    </ClCompile>
    <ClCompile Include="libxmpp\gloox\gloox\base64.cpp">
      <Filter>libxmpp\gloox</Filter>
    </ClCompile>
    <ClCompile Include="libxmpp\gloox\gloox\capabilities.cpp">
      <Filter>libxmpp\gloox</Filter>
    </ClCompile>
    <ClCompile Include="libxmpp\gloox\gloox\chatstate.cpp">
      <Filter>libxmpp\gloox</Filter>
    </ClCompile>
    <ClCompile Include="libxmpp\gloox\gloox\chatstatefilter.cpp">
      <Filter>libxmpp\gloox</Filter>
    </ClCompile>
    <ClCompile Include="libxmpp\gloox\gloox\client.cpp">
      <Filter>libxmpp\gloox</Filter>
    </ClCompile>
    <ClCompile Include="libxmpp\gloox\gloox\clientbase.cpp">
      <Filter>libxmpp\gloox</Filter>
    </ClCompile>
    <ClCompile Include="libxmpp\gloox\gloox\component.cpp">
      <Filter>libxmpp\gloox</Filter>
    </ClCompile>
    <ClCompile Include="libxmpp\gloox\gloox\compressiondefault.cpp">
      <Filter>libxmpp\gloox</Filter>
    </ClCompile>
    <ClCompile Include="libxmpp\gloox\gloox\compressionzlib.cpp">
      <Filter>libxmpp\gloox</Filter>
    </ClCompile>
    <ClCompile Include="libxmpp\gloox\gloox\connectionbosh.cpp">
      <Filter>libxmpp\gloox</Filter>
    </ClCompile>
    <ClCompile Include="libxmpp\gloox\gloox\dataform.cpp">
      <Filter>libxmpp\gloox</Filter>
    </ClCompile>
    <ClCompile Include="libxmpp\gloox\gloox\dataformfield.cpp">
      <Filter>libxmpp\gloox</Filter>
    </ClCompile>
    <ClCompile Include="libxmpp\gloox\gloox\dataformfieldcontainer.cpp">
      <Filter>libxmpp\gloox</Filter>
    </ClCompile>
    <ClCompile Include="libxmpp\gloox\gloox\dataformitem.cpp">
      <Filter>libxmpp\gloox</Filter>
    </ClCompile>
    <ClCompile Include="libxmpp\gloox\gloox\dataformreported.cpp">
      <Filter>libxmpp\gloox</Filter>
    </ClCompile>
    <ClCompile Include="libxmpp\gloox\gloox\delayeddelivery.cpp">
      <Filter>libxmpp\gloox</Filter>
    </ClCompile>
    <ClCompile Include="libxmpp\gloox\gloox\disco.cpp">
      <Filter>libxmpp\gloox</Filter>
    </ClCompile>
    <ClCompile Include="libxmpp\gloox\gloox\error.cpp">
      <Filter>libxmpp\gloox</Filter>
    </ClCompile>
    <ClCompile Include="libxmpp\gloox\gloox\eventdispatcher.cpp">
      <Filter>libxmpp\gloox</Filter>
    </ClCompile>
    <ClCompile Include="libxmpp\gloox\gloox\featureneg.cpp">
      <Filter>libxmpp\gloox</Filter>
    </ClCompile>
    <ClCompile Include="libxmpp\gloox\gloox\flexoff.cpp">
      <Filter>libxmpp\gloox</Filter>
    </ClCompile>
    <ClCompile Include="libxmpp\gloox\gloox\gloox.cpp">
      <Filter>libxmpp\gloox</Filter>
    </ClCompile>
    <ClCompile Include="libxmpp\gloox\gloox\gpgencrypted.cpp">
      <Filter>libxmpp\gloox</Filter>
    </ClCompile>
    <ClCompile Include="libxmpp\gloox\gloox\gpgsigned.cpp">
      <Filter>libxmpp\gloox</Filter>
    </ClCompile>
    <ClCompile Include="libxmpp\gloox\gloox\inbandbytestream.cpp">
      <Filter>libxmpp\gloox</Filter>
    </ClCompile>
    <ClCompile Include="libxmpp\gloox\gloox\instantmucroom.cpp">
      <Filter>libxmpp\gloox</Filter>
    </ClCompile>
    <ClCompile Include="libxmpp\gloox\gloox\iq.cpp">
      <Filter>libxmpp\gloox</Filter>
    </ClCompile>
    <ClCompile Include="libxmpp\gloox\gloox\jid.cpp">
      <Filter>libxmpp\gloox</Filter>
    </ClCompile>
    <ClCompile Include="libxmpp\gloox\gloox\lastactivity.cpp">
      <Filter>libxmpp\gloox</Filter>
    </ClCompile>
    <ClCompile Include="libxmpp\gloox\gloox\logsink.cpp">
      <Filter>libxmpp\gloox</Filter>
    </ClCompile>
    <ClCompile Include="libxmpp\gloox\gloox\md5.cpp">
      <Filter>libxmpp\gloox</Filter>
    </ClCompile>
    <ClCompile Include="libxmpp\gloox\gloox\message.cpp">
      <Filter>libxmpp\gloox</Filter>
    </ClCompile>
    <ClCompile Include="libxmpp\gloox\gloox\messageevent.cpp">
      <Filter>libxmpp\gloox</Filter>
    </ClCompile>
    <ClCompile Include="libxmpp\gloox\gloox\messageeventfilter.cpp">
      <Filter>libxmpp\gloox</Filter>
    </ClCompile>
    <ClCompile Include="libxmpp\gloox\gloox\messagefilter.cpp">
      <Filter>libxmpp\gloox</Filter>
    </ClCompile>
    <ClCompile Include="libxmpp\gloox\gloox\messagesession.cpp">
      <Filter>libxmpp\gloox</Filter>
    </ClCompile>
    <ClCompile Include="libxmpp\gloox\gloox\mucmessagesession.cpp">
      <Filter>libxmpp\gloox</Filter>
    </ClCompile>
    <ClCompile Include="libxmpp\gloox\gloox\mucroom.cpp">
      <Filter>libxmpp\gloox</Filter>
    </ClCompile>
    <ClCompile Include="libxmpp\gloox\gloox\mutex.cpp">
      <Filter>libxmpp\gloox</Filter>
    </ClCompile>
    <ClCompile Include="libxmpp\gloox\gloox\nickname.cpp">
      <Filter>libxmpp\gloox</Filter>
    </ClCompile>
    <ClCompile Include="libxmpp\gloox\gloox\nonsaslauth.cpp">
      <Filter>libxmpp\gloox</Filter>
    </ClCompile>
    <ClCompile Include="libxmpp\gloox\gloox\oob.cpp">
      <Filter>libxmpp\gloox</Filter>
    </ClCompile>
    <ClCompile Include="libxmpp\gloox\gloox\parser.cpp">
      <Filter>libxmpp\gloox</Filter>
    </ClCompile>
    <ClCompile Include="libxmpp\gloox\gloox\prep.cpp">
      <Filter>libxmpp\gloox</Filter>
    </ClCompile>
    <ClCompile Include="libxmpp\gloox\gloox\presence.cpp">
      <Filter>libxmpp\gloox</Filter>
    </ClCompile>
    <ClCompile Include="libxmpp\gloox\gloox\privacyitem.cpp">
      <Filter>libxmpp\gloox</Filter>
    </ClCompile>
    <ClCompile Include="libxmpp\gloox\gloox\privacymanager.cpp">
      <Filter>libxmpp\gloox</Filter>
    </ClCompile>
    <ClCompile Include="libxmpp\gloox\gloox\privatexml.cpp">
      <Filter>libxmpp\gloox</Filter>
    </ClCompile>
    <ClCompile Include="libxmpp\gloox\gloox\pubsubevent.cpp">
      <Filter>libxmpp\gloox</Filter>
    </ClCompile>
    <ClCompile Include="libxmpp\gloox\gloox\pubsubitem.cpp">
      <Filter>libxmpp\gloox</Filter>
    </ClCompile>
    <ClCompile Include="libxmpp\gloox\gloox\pubsubmanager.cpp">
      <Filter>libxmpp\gloox</Filter>
    </ClCompile>
    <ClCompile Include="libxmpp\gloox\gloox\receipt.cpp">
      <Filter>libxmpp\gloox</Filter>
    </ClCompile>
    <ClCompile Include="libxmpp\gloox\gloox\registration.cpp">
      <Filter>libxmpp\gloox</Filter>
    </ClCompile>
    <ClCompile Include="libxmpp\gloox\gloox\rosteritem.cpp">
      <Filter>libxmpp\gloox</Filter>
    </ClCompile>
    <ClCompile Include="libxmpp\gloox\gloox\rostermanager.cpp">
      <Filter>libxmpp\gloox</Filter>
    </ClCompile>
    <ClCompile Include="libxmpp\gloox\gloox\search.cpp">
      <Filter>libxmpp\gloox</Filter>
    </ClCompile>
    <ClCompile Include="libxmpp\gloox\gloox\sha.cpp">
      <Filter>libxmpp\gloox</Filter>
    </ClCompile>
    <ClCompile Include="libxmpp\gloox\gloox\shim.cpp">
      <Filter>libxmpp\gloox</Filter>
    </ClCompile>
    <ClCompile Include="libxmpp\gloox\gloox\softwareversion.cpp">
      <Filter>libxmpp\gloox</Filter>
    </ClCompile>
    <ClCompile Include="libxmpp\gloox\gloox\stanza.cpp">
      <Filter>libxmpp\gloox</Filter>
    </ClCompile>
    <ClCompile Include="libmailexchange\pop3.cpp">
      <Filter>libmailexchange</Filter>
    </ClCompile>
    <ClCompile Include="libmailexchange\smtp.cpp">
      <Filter>libmailexchange</Filter>
    </ClCompile>
    <ClCompile Include="libavlog\avlog.cpp">
      <Filter>libavlog</Filter>
    </ClCompile>
    <ClCompile Include="libwebqq\md5.cpp">
      <Filter>libwebqq</Filter>
    </ClCompile>
    <ClCompile Include="libwebqq\url.cpp">
      <Filter>libwebqq</Filter>
    </ClCompile>
    <ClCompile Include="libwebqq\webqq.cpp">
      <Filter>libwebqq</Filter>
    </ClCompile>
    <ClCompile Include="libwebqq\webqq_face.cpp">
      <Filter>libwebqq</Filter>
    </ClCompile>
    <ClCompile Include="libwebqq\webqq_impl.cpp">
      <Filter>libwebqq</Filter>
    </ClCompile>
    <ClCompile Include="extension\urlpreview.cpp">
      <Filter>extension</Filter>
    </ClCompile>
    <ClCompile Include="extension\bulletin.cpp">
      <Filter>extension</Filter>
    </ClCompile>
    <ClCompile Include="extension\extension.cpp">
      <Filter>extension</Filter>
    </ClCompile>
    <ClCompile Include="extension\joke.cpp">
      <Filter>extension</Filter>
    </ClCompile>
    <ClCompile Include="main.cpp">
      <Filter>源文件</Filter>
    </ClCompile>
    <ClCompile Include="botctl.cpp">
      <Filter>源文件</Filter>
    </ClCompile>
    <ClCompile Include="libavbot\avbot.cpp">
      <Filter>libavbot</Filter>
    </ClCompile>
    <ClCompile Include="avbot_rpc_server.cpp">
      <Filter>源文件</Filter>
    </ClCompile>
  </ItemGroup>
  <ItemGroup>
    <ClInclude Include="libxmpp\xmpp.h">
      <Filter>libxmpp</Filter>
    </ClInclude>
    <ClInclude Include="libxmpp\xmpp_impl.h">
      <Filter>libxmpp</Filter>
    </ClInclude>
    <ClInclude Include="libxmpp\gloox\gloox\stanzaextensionfactory.h">
      <Filter>libxmpp\gloox</Filter>
    </ClInclude>
    <ClInclude Include="libxmpp\gloox\gloox\statisticshandler.h">
      <Filter>libxmpp\gloox</Filter>
    </ClInclude>
    <ClInclude Include="libxmpp\gloox\gloox\subscription.h">
      <Filter>libxmpp\gloox</Filter>
    </ClInclude>
    <ClInclude Include="libxmpp\gloox\gloox\subscriptionhandler.h">
      <Filter>libxmpp\gloox</Filter>
    </ClInclude>
    <ClInclude Include="libxmpp\gloox\gloox\tag.h">
      <Filter>libxmpp\gloox</Filter>
    </ClInclude>
    <ClInclude Include="libxmpp\gloox\gloox\taghandler.h">
      <Filter>libxmpp\gloox</Filter>
    </ClInclude>
    <ClInclude Include="libxmpp\gloox\gloox\tlsbase.h">
      <Filter>libxmpp\gloox</Filter>
    </ClInclude>
    <ClInclude Include="libxmpp\gloox\gloox\tlsdefault.h">
      <Filter>libxmpp\gloox</Filter>
    </ClInclude>
    <ClInclude Include="libxmpp\gloox\gloox\tlshandler.h">
      <Filter>libxmpp\gloox</Filter>
    </ClInclude>
    <ClInclude Include="libxmpp\gloox\gloox\tlsopensslbase.h">
      <Filter>libxmpp\gloox</Filter>
    </ClInclude>
    <ClInclude Include="libxmpp\gloox\gloox\tlsopensslclient.h">
      <Filter>libxmpp\gloox</Filter>
    </ClInclude>
    <ClInclude Include="libxmpp\gloox\gloox\tlsschannel.h">
      <Filter>libxmpp\gloox</Filter>
    </ClInclude>
    <ClInclude Include="libxmpp\gloox\gloox\uniquemucroom.h">
      <Filter>libxmpp\gloox</Filter>
    </ClInclude>
    <ClInclude Include="libxmpp\gloox\gloox\util.h">
      <Filter>libxmpp\gloox</Filter>
    </ClInclude>
    <ClInclude Include="libxmpp\gloox\gloox\vcard.h">
      <Filter>libxmpp\gloox</Filter>
    </ClInclude>
    <ClInclude Include="libxmpp\gloox\gloox\vcardhandler.h">
      <Filter>libxmpp\gloox</Filter>
    </ClInclude>
    <ClInclude Include="libxmpp\gloox\gloox\vcardmanager.h">
      <Filter>libxmpp\gloox</Filter>
    </ClInclude>
    <ClInclude Include="libxmpp\gloox\gloox\vcardupdate.h">
      <Filter>libxmpp\gloox</Filter>
    </ClInclude>
    <ClInclude Include="libxmpp\gloox\gloox\xhtmlim.h">
      <Filter>libxmpp\gloox</Filter>
    </ClInclude>
    <ClInclude Include="libxmpp\gloox\gloox\adhoc.h">
      <Filter>libxmpp\gloox</Filter>
    </ClInclude>
    <ClInclude Include="libxmpp\gloox\gloox\adhoccommandprovider.h">
      <Filter>libxmpp\gloox</Filter>
    </ClInclude>
    <ClInclude Include="libxmpp\gloox\gloox\adhochandler.h">
      <Filter>libxmpp\gloox</Filter>
    </ClInclude>
    <ClInclude Include="libxmpp\gloox\gloox\amp.h">
      <Filter>libxmpp\gloox</Filter>
    </ClInclude>
    <ClInclude Include="libxmpp\gloox\gloox\annotations.h">
      <Filter>libxmpp\gloox</Filter>
    </ClInclude>
    <ClInclude Include="libxmpp\gloox\gloox\annotationshandler.h">
      <Filter>libxmpp\gloox</Filter>
    </ClInclude>
    <ClInclude Include="libxmpp\gloox\gloox\attention.h">
      <Filter>libxmpp\gloox</Filter>
    </ClInclude>
    <ClInclude Include="libxmpp\gloox\gloox\base64.h">
      <Filter>libxmpp\gloox</Filter>
    </ClInclude>
    <ClInclude Include="libxmpp\gloox\gloox\bookmarkhandler.h">
      <Filter>libxmpp\gloox</Filter>
    </ClInclude>
    <ClInclude Include="libxmpp\gloox\gloox\bytestream.h">
      <Filter>libxmpp\gloox</Filter>
    </ClInclude>
    <ClInclude Include="libxmpp\gloox\gloox\bytestreamdatahandler.h">
      <Filter>libxmpp\gloox</Filter>
    </ClInclude>
    <ClInclude Include="libxmpp\gloox\gloox\bytestreamhandler.h">
      <Filter>libxmpp\gloox</Filter>
    </ClInclude>
    <ClInclude Include="libxmpp\gloox\gloox\capabilities.h">
      <Filter>libxmpp\gloox</Filter>
    </ClInclude>
    <ClInclude Include="libxmpp\gloox\gloox\chatstate.h">
      <Filter>libxmpp\gloox</Filter>
    </ClInclude>
    <ClInclude Include="libxmpp\gloox\gloox\chatstatefilter.h">
      <Filter>libxmpp\gloox</Filter>
    </ClInclude>
    <ClInclude Include="libxmpp\gloox\gloox\chatstatehandler.h">
      <Filter>libxmpp\gloox</Filter>
    </ClInclude>
    <ClInclude Include="libxmpp\gloox\gloox\client.h">
      <Filter>libxmpp\gloox</Filter>
    </ClInclude>
    <ClInclude Include="libxmpp\gloox\gloox\clientbase.h">
      <Filter>libxmpp\gloox</Filter>
    </ClInclude>
    <ClInclude Include="libxmpp\gloox\gloox\component.h">
      <Filter>libxmpp\gloox</Filter>
    </ClInclude>
    <ClInclude Include="libxmpp\gloox\gloox\compressionbase.h">
      <Filter>libxmpp\gloox</Filter>
    </ClInclude>
    <ClInclude Include="libxmpp\gloox\gloox\compressiondatahandler.h">
      <Filter>libxmpp\gloox</Filter>
    </ClInclude>
    <ClInclude Include="libxmpp\gloox\gloox\compressiondefault.h">
      <Filter>libxmpp\gloox</Filter>
    </ClInclude>
    <ClInclude Include="libxmpp\gloox\gloox\compressionzlib.h">
      <Filter>libxmpp\gloox</Filter>
    </ClInclude>
    <ClInclude Include="libxmpp\gloox\gloox\config.h">
      <Filter>libxmpp\gloox</Filter>
    </ClInclude>
    <ClInclude Include="libxmpp\gloox\gloox\connectionbase.h">
      <Filter>libxmpp\gloox</Filter>
    </ClInclude>
    <ClInclude Include="libxmpp\gloox\gloox\connectionbosh.h">
      <Filter>libxmpp\gloox</Filter>
    </ClInclude>
    <ClInclude Include="libxmpp\gloox\gloox\connectiondatahandler.h">
      <Filter>libxmpp\gloox</Filter>
    </ClInclude>
    <ClInclude Include="libxmpp\gloox\gloox\connectionhandler.h">
      <Filter>libxmpp\gloox</Filter>
    </ClInclude>
    <ClInclude Include="libxmpp\gloox\gloox\connectionlistener.h">
      <Filter>libxmpp\gloox</Filter>
    </ClInclude>
    <ClInclude Include="libxmpp\gloox\gloox\dataform.h">
      <Filter>libxmpp\gloox</Filter>
    </ClInclude>
    <ClInclude Include="libxmpp\gloox\gloox\dataformfield.h">
      <Filter>libxmpp\gloox</Filter>
    </ClInclude>
    <ClInclude Include="libxmpp\gloox\gloox\dataformfieldcontainer.h">
      <Filter>libxmpp\gloox</Filter>
    </ClInclude>
    <ClInclude Include="libxmpp\gloox\gloox\dataformitem.h">
      <Filter>libxmpp\gloox</Filter>
    </ClInclude>
    <ClInclude Include="libxmpp\gloox\gloox\dataformreported.h">
      <Filter>libxmpp\gloox</Filter>
    </ClInclude>
    <ClInclude Include="libxmpp\gloox\gloox\delayeddelivery.h">
      <Filter>libxmpp\gloox</Filter>
    </ClInclude>
    <ClInclude Include="libxmpp\gloox\gloox\disco.h">
      <Filter>libxmpp\gloox</Filter>
    </ClInclude>
    <ClInclude Include="libxmpp\gloox\gloox\discohandler.h">
      <Filter>libxmpp\gloox</Filter>
    </ClInclude>
    <ClInclude Include="libxmpp\gloox\gloox\disconodehandler.h">
      <Filter>libxmpp\gloox</Filter>
    </ClInclude>
    <ClInclude Include="libxmpp\gloox\gloox\error.h">
      <Filter>libxmpp\gloox</Filter>
    </ClInclude>
    <ClInclude Include="libxmpp\gloox\gloox\event.h">
      <Filter>libxmpp\gloox</Filter>
    </ClInclude>
    <ClInclude Include="libxmpp\gloox\gloox\eventdispatcher.h">
      <Filter>libxmpp\gloox</Filter>
    </ClInclude>
    <ClInclude Include="libxmpp\gloox\gloox\eventhandler.h">
      <Filter>libxmpp\gloox</Filter>
    </ClInclude>
    <ClInclude Include="libxmpp\gloox\gloox\featureneg.h">
      <Filter>libxmpp\gloox</Filter>
    </ClInclude>
    <ClInclude Include="libxmpp\gloox\gloox\flexoff.h">
      <Filter>libxmpp\gloox</Filter>
    </ClInclude>
    <ClInclude Include="libxmpp\gloox\gloox\flexoffhandler.h">
      <Filter>libxmpp\gloox</Filter>
    </ClInclude>
    <ClInclude Include="libxmpp\gloox\gloox\gloox.h">
      <Filter>libxmpp\gloox</Filter>
    </ClInclude>
    <ClInclude Include="libxmpp\gloox\gloox\glooxversion.h">
      <Filter>libxmpp\gloox</Filter>
    </ClInclude>
    <ClInclude Include="libxmpp\gloox\gloox\gpgencrypted.h">
      <Filter>libxmpp\gloox</Filter>
    </ClInclude>
    <ClInclude Include="libxmpp\gloox\gloox\gpgsigned.h">
      <Filter>libxmpp\gloox</Filter>
    </ClInclude>
    <ClInclude Include="libxmpp\gloox\gloox\inbandbytestream.h">
      <Filter>libxmpp\gloox</Filter>
    </ClInclude>
    <ClInclude Include="libxmpp\gloox\gloox\instantmucroom.h">
      <Filter>libxmpp\gloox</Filter>
    </ClInclude>
    <ClInclude Include="libxmpp\gloox\gloox\iq.h">
      <Filter>libxmpp\gloox</Filter>
    </ClInclude>
    <ClInclude Include="libxmpp\gloox\gloox\iqhandler.h">
      <Filter>libxmpp\gloox</Filter>
    </ClInclude>
    <ClInclude Include="libxmpp\gloox\gloox\jid.h">
      <Filter>libxmpp\gloox</Filter>
    </ClInclude>
    <ClInclude Include="libxmpp\gloox\gloox\lastactivity.h">
      <Filter>libxmpp\gloox</Filter>
    </ClInclude>
    <ClInclude Include="libxmpp\gloox\gloox\lastactivityhandler.h">
      <Filter>libxmpp\gloox</Filter>
    </ClInclude>
    <ClInclude Include="libxmpp\gloox\gloox\loghandler.h">
      <Filter>libxmpp\gloox</Filter>
    </ClInclude>
    <ClInclude Include="libxmpp\gloox\gloox\logsink.h">
      <Filter>libxmpp\gloox</Filter>
    </ClInclude>
    <ClInclude Include="libxmpp\gloox\gloox\macros.h">
      <Filter>libxmpp\gloox</Filter>
    </ClInclude>
    <ClInclude Include="libxmpp\gloox\gloox\md5.h">
      <Filter>libxmpp\gloox</Filter>
    </ClInclude>
    <ClInclude Include="libxmpp\gloox\gloox\message.h">
      <Filter>libxmpp\gloox</Filter>
    </ClInclude>
    <ClInclude Include="libxmpp\gloox\gloox\messageevent.h">
      <Filter>libxmpp\gloox</Filter>
    </ClInclude>
    <ClInclude Include="libxmpp\gloox\gloox\messageeventfilter.h">
      <Filter>libxmpp\gloox</Filter>
    </ClInclude>
    <ClInclude Include="libxmpp\gloox\gloox\messageeventhandler.h">
      <Filter>libxmpp\gloox</Filter>
    </ClInclude>
    <ClInclude Include="libxmpp\gloox\gloox\messagefilter.h">
      <Filter>libxmpp\gloox</Filter>
    </ClInclude>
    <ClInclude Include="libxmpp\gloox\gloox\messagehandler.h">
      <Filter>libxmpp\gloox</Filter>
    </ClInclude>
    <ClInclude Include="libxmpp\gloox\gloox\messagesession.h">
      <Filter>libxmpp\gloox</Filter>
    </ClInclude>
    <ClInclude Include="libxmpp\gloox\gloox\messagesessionhandler.h">
      <Filter>libxmpp\gloox</Filter>
    </ClInclude>
    <ClInclude Include="libxmpp\gloox\gloox\mucinvitationhandler.h">
      <Filter>libxmpp\gloox</Filter>
    </ClInclude>
    <ClInclude Include="libxmpp\gloox\gloox\mucmessagesession.h">
      <Filter>libxmpp\gloox</Filter>
    </ClInclude>
    <ClInclude Include="libxmpp\gloox\gloox\mucroom.h">
      <Filter>libxmpp\gloox</Filter>
    </ClInclude>
    <ClInclude Include="libxmpp\gloox\gloox\mucroomconfighandler.h">
      <Filter>libxmpp\gloox</Filter>
    </ClInclude>
    <ClInclude Include="libxmpp\gloox\gloox\mucroomhandler.h">
      <Filter>libxmpp\gloox</Filter>
    </ClInclude>
    <ClInclude Include="libxmpp\gloox\gloox\mutex.h">
      <Filter>libxmpp\gloox</Filter>
    </ClInclude>
    <ClInclude Include="libxmpp\gloox\gloox\mutexguard.h">
      <Filter>libxmpp\gloox</Filter>
    </ClInclude>
    <ClInclude Include="libxmpp\gloox\gloox\nickname.h">
      <Filter>libxmpp\gloox</Filter>
    </ClInclude>
    <ClInclude Include="libxmpp\gloox\gloox\nonsaslauth.h">
      <Filter>libxmpp\gloox</Filter>
    </ClInclude>
    <ClInclude Include="libxmpp\gloox\gloox\oob.h">
      <Filter>libxmpp\gloox</Filter>
    </ClInclude>
    <ClInclude Include="libxmpp\gloox\gloox\parser.h">
      <Filter>libxmpp\gloox</Filter>
    </ClInclude>
    <ClInclude Include="libxmpp\gloox\gloox\prep.h">
      <Filter>libxmpp\gloox</Filter>
    </ClInclude>
    <ClInclude Include="libxmpp\gloox\gloox\presence.h">
      <Filter>libxmpp\gloox</Filter>
    </ClInclude>
    <ClInclude Include="libxmpp\gloox\gloox\presencehandler.h">
      <Filter>libxmpp\gloox</Filter>
    </ClInclude>
    <ClInclude Include="libxmpp\gloox\gloox\privacyitem.h">
      <Filter>libxmpp\gloox</Filter>
    </ClInclude>
    <ClInclude Include="libxmpp\gloox\gloox\privacylisthandler.h">
      <Filter>libxmpp\gloox</Filter>
    </ClInclude>
    <ClInclude Include="libxmpp\gloox\gloox\privacymanager.h">
      <Filter>libxmpp\gloox</Filter>
    </ClInclude>
    <ClInclude Include="libxmpp\gloox\gloox\privatexml.h">
      <Filter>libxmpp\gloox</Filter>
    </ClInclude>
    <ClInclude Include="libxmpp\gloox\gloox\privatexmlhandler.h">
      <Filter>libxmpp\gloox</Filter>
    </ClInclude>
    <ClInclude Include="libxmpp\gloox\gloox\pubsub.h">
      <Filter>libxmpp\gloox</Filter>
    </ClInclude>
    <ClInclude Include="libxmpp\gloox\gloox\pubsubevent.h">
      <Filter>libxmpp\gloox</Filter>
    </ClInclude>
    <ClInclude Include="libxmpp\gloox\gloox\pubsubitem.h">
      <Filter>libxmpp\gloox</Filter>
    </ClInclude>
    <ClInclude Include="libxmpp\gloox\gloox\pubsubmanager.h">
      <Filter>libxmpp\gloox</Filter>
    </ClInclude>
    <ClInclude Include="libxmpp\gloox\gloox\pubsubresulthandler.h">
      <Filter>libxmpp\gloox</Filter>
    </ClInclude>
    <ClInclude Include="libxmpp\gloox\gloox\receipt.h">
      <Filter>libxmpp\gloox</Filter>
    </ClInclude>
    <ClInclude Include="libxmpp\gloox\gloox\registration.h">
      <Filter>libxmpp\gloox</Filter>
    </ClInclude>
    <ClInclude Include="libxmpp\gloox\gloox\registrationhandler.h">
      <Filter>libxmpp\gloox</Filter>
    </ClInclude>
    <ClInclude Include="libxmpp\gloox\gloox\resource.h">
      <Filter>libxmpp\gloox</Filter>
    </ClInclude>
    <ClInclude Include="libxmpp\gloox\gloox\rosteritem.h">
      <Filter>libxmpp\gloox</Filter>
    </ClInclude>
    <ClInclude Include="libxmpp\gloox\gloox\rosteritemdata.h">
      <Filter>libxmpp\gloox</Filter>
    </ClInclude>
    <ClInclude Include="libxmpp\gloox\gloox\rosterlistener.h">
      <Filter>libxmpp\gloox</Filter>
    </ClInclude>
    <ClInclude Include="libxmpp\gloox\gloox\rostermanager.h">
      <Filter>libxmpp\gloox</Filter>
    </ClInclude>
    <ClInclude Include="libxmpp\gloox\gloox\search.h">
      <Filter>libxmpp\gloox</Filter>
    </ClInclude>
    <ClInclude Include="libxmpp\gloox\gloox\searchhandler.h">
      <Filter>libxmpp\gloox</Filter>
    </ClInclude>
    <ClInclude Include="libxmpp\gloox\gloox\sha.h">
      <Filter>libxmpp\gloox</Filter>
    </ClInclude>
    <ClInclude Include="libxmpp\gloox\gloox\shim.h">
      <Filter>libxmpp\gloox</Filter>
    </ClInclude>
    <ClInclude Include="libxmpp\gloox\gloox\sihandler.h">
      <Filter>libxmpp\gloox</Filter>
    </ClInclude>
    <ClInclude Include="libxmpp\gloox\gloox\simanager.h">
      <Filter>libxmpp\gloox</Filter>
    </ClInclude>
    <ClInclude Include="libxmpp\gloox\gloox\softwareversion.h">
      <Filter>libxmpp\gloox</Filter>
    </ClInclude>
    <ClInclude Include="libxmpp\gloox\gloox\stanza.h">
      <Filter>libxmpp\gloox</Filter>
    </ClInclude>
    <ClInclude Include="libxmpp\gloox\gloox\stanzaextension.h">
      <Filter>libxmpp\gloox</Filter>
    </ClInclude>
    <ClInclude Include="libmailexchange\mx.hpp">
      <Filter>libmailexchange</Filter>
    </ClInclude>
    <ClInclude Include="libmailexchange\pop3.hpp">
      <Filter>libmailexchange</Filter>
    </ClInclude>
    <ClInclude Include="libmailexchange\smtp.hpp">
      <Filter>libmailexchange</Filter>
    </ClInclude>
    <ClInclude Include="libirc\irc.h">
      <Filter>libirc</Filter>
    </ClInclude>
    <ClInclude Include="libavlog\avlog.hpp">
      <Filter>libavlog</Filter>
    </ClInclude>
    <ClInclude Include="libwebqq\clean_cache.hpp">
      <Filter>libwebqq</Filter>
    </ClInclude>
    <ClInclude Include="libwebqq\constant.hpp">
      <Filter>libwebqq</Filter>
    </ClInclude>
    <ClInclude Include="libwebqq\httpagent.hpp">
      <Filter>libwebqq</Filter>
    </ClInclude>
    <ClInclude Include="libwebqq\lwqq_status.hpp">
      <Filter>libwebqq</Filter>
    </ClInclude>
    <ClInclude Include="libwebqq\md5.hpp">
      <Filter>libwebqq</Filter>
    </ClInclude>
    <ClInclude Include="libwebqq\process_group_msg.hpp">
      <Filter>libwebqq</Filter>
    </ClInclude>
    <ClInclude Include="libwebqq\url.hpp">
      <Filter>libwebqq</Filter>
    </ClInclude>
    <ClInclude Include="libwebqq\utf8.hpp">
      <Filter>libwebqq</Filter>
    </ClInclude>
    <ClInclude Include="libwebqq\webqq.h">
      <Filter>libwebqq</Filter>
    </ClInclude>
    <ClInclude Include="libwebqq\webqq_impl.h">
      <Filter>libwebqq</Filter>
    </ClInclude>
    <ClInclude Include="libwebqq\webqq_login.hpp">
      <Filter>libwebqq</Filter>
    </ClInclude>
    <ClInclude Include="extension\urlpreview.hpp">
      <Filter>extension</Filter>
    </ClInclude>
    <ClInclude Include="extension\bulletin.hpp">
      <Filter>extension</Filter>
    </ClInclude>
    <ClInclude Include="extension\extension.hpp">
      <Filter>extension</Filter>
    </ClInclude>
    <ClInclude Include="extension\httpagent.hpp">
      <Filter>extension</Filter>
    </ClInclude>
    <ClInclude Include="extension\joke.hpp">
      <Filter>extension</Filter>
    </ClInclude>
    <ClInclude Include="extension\metalprice.hpp">
      <Filter>extension</Filter>
    </ClInclude>
    <ClInclude Include="extension\stockprice.hpp">
      <Filter>extension</Filter>
    </ClInclude>
    <ClInclude Include="botctl.hpp">
      <Filter>源文件</Filter>
    </ClInclude>
    <ClInclude Include="counter.hpp">
      <Filter>源文件</Filter>
    </ClInclude>
    <ClInclude Include="libavbot\avbot.hpp">
      <Filter>libavbot</Filter>
    </ClInclude>
    <ClInclude Include="avbot_rpc_server.hpp">
      <Filter>源文件</Filter>
    </ClInclude>
  </ItemGroup>
  <ItemGroup>
    <None Include="fsconfig.ipp">
      <Filter>源文件</Filter>
    </None>
    <None Include="input.ipp">
      <Filter>源文件</Filter>
    </None>
  </ItemGroup>
</Project>