Microsoft Visual Studio Solution File, Format Version 12.00
# Visual Studio 11
Project("{8BC9CEB8-8B4A-11D0-8D11-00A0C91BC942}") = "ALL_BUILD", "ALL_BUILD.vcxproj", "{E8E60E18-BF50-457B-8209-D1D922571E06}"
	ProjectSection(ProjectDependencies) = postProject
		{F1EEBF87-28F6-46BE-B91B-B3DEB03DA12E} = {F1EEBF87-28F6-46BE-B91B-B3DEB03DA12E}
	EndProjectSection
EndProject
Project("{8BC9CEB8-8B4A-11D0-8D11-00A0C91BC942}") = "INSTALL", "INSTALL.vcxproj", "{4637BCC2-5A82-428D-A0AF-08830893429B}"
	ProjectSection(ProjectDependencies) = postProject
		{E8E60E18-BF50-457B-8209-D1D922571E06} = {E8E60E18-BF50-457B-8209-D1D922571E06}
	EndProjectSection
EndProject
Project("{8BC9CEB8-8B4A-11D0-8D11-00A0C91BC942}") = "ZERO_CHECK", "..\ZERO_CHECK.vcxproj", "{AF858B06-B8EE-426A-A38B-990D51C52FDB}"
	ProjectSection(ProjectDependencies) = postProject
	EndProjectSection
EndProject
Project("{8BC9CEB8-8B4A-11D0-8D11-00A0C91BC942}") = "libirc", "libirc.vcxproj", "{F1EEBF87-28F6-46BE-B91B-B3DEB03DA12E}"
	ProjectSection(ProjectDependencies) = postProject
		{AF858B06-B8EE-426A-A38B-990D51C52FDB} = {AF858B06-B8EE-426A-A38B-990D51C52FDB}
	EndProjectSection
EndProject
Global
	GlobalSection(SolutionConfigurationPlatforms) = preSolution
		Debug|Win32 = Debug|Win32
		Release|Win32 = Release|Win32
		MinSizeRel|Win32 = MinSizeRel|Win32
		RelWithDebInfo|Win32 = RelWithDebInfo|Win32
	EndGlobalSection
	GlobalSection(ProjectConfigurationPlatforms) = postSolution
		{E8E60E18-BF50-457B-8209-D1D922571E06}.Debug|Win32.ActiveCfg = Debug|Win32
		{E8E60E18-BF50-457B-8209-D1D922571E06}.Debug|Win32.Build.0 = Debug|Win32
		{E8E60E18-BF50-457B-8209-D1D922571E06}.Release|Win32.ActiveCfg = Release|Win32
		{E8E60E18-BF50-457B-8209-D1D922571E06}.Release|Win32.Build.0 = Release|Win32
		{E8E60E18-BF50-457B-8209-D1D922571E06}.MinSizeRel|Win32.ActiveCfg = MinSizeRel|Win32
		{E8E60E18-BF50-457B-8209-D1D922571E06}.MinSizeRel|Win32.Build.0 = MinSizeRel|Win32
		{E8E60E18-BF50-457B-8209-D1D922571E06}.RelWithDebInfo|Win32.ActiveCfg = RelWithDebInfo|Win32
		{E8E60E18-BF50-457B-8209-D1D922571E06}.RelWithDebInfo|Win32.Build.0 = RelWithDebInfo|Win32
		{4637BCC2-5A82-428D-A0AF-08830893429B}.Debug|Win32.ActiveCfg = Debug|Win32
		{4637BCC2-5A82-428D-A0AF-08830893429B}.Release|Win32.ActiveCfg = Release|Win32
		{4637BCC2-5A82-428D-A0AF-08830893429B}.MinSizeRel|Win32.ActiveCfg = MinSizeRel|Win32
		{4637BCC2-5A82-428D-A0AF-08830893429B}.RelWithDebInfo|Win32.ActiveCfg = RelWithDebInfo|Win32
		{AF858B06-B8EE-426A-A38B-990D51C52FDB}.Debug|Win32.ActiveCfg = Debug|Win32
		{AF858B06-B8EE-426A-A38B-990D51C52FDB}.Debug|Win32.Build.0 = Debug|Win32
		{AF858B06-B8EE-426A-A38B-990D51C52FDB}.Release|Win32.ActiveCfg = Release|Win32
		{AF858B06-B8EE-426A-A38B-990D51C52FDB}.Release|Win32.Build.0 = Release|Win32
		{AF858B06-B8EE-426A-A38B-990D51C52FDB}.MinSizeRel|Win32.ActiveCfg = MinSizeRel|Win32
		{AF858B06-B8EE-426A-A38B-990D51C52FDB}.MinSizeRel|Win32.Build.0 = MinSizeRel|Win32
		{AF858B06-B8EE-426A-A38B-990D51C52FDB}.RelWithDebInfo|Win32.ActiveCfg = RelWithDebInfo|Win32
		{AF858B06-B8EE-426A-A38B-990D51C52FDB}.RelWithDebInfo|Win32.Build.0 = RelWithDebInfo|Win32
		{F1EEBF87-28F6-46BE-B91B-B3DEB03DA12E}.Debug|Win32.ActiveCfg = Debug|Win32
		{F1EEBF87-28F6-46BE-B91B-B3DEB03DA12E}.Debug|Win32.Build.0 = Debug|Win32
		{F1EEBF87-28F6-46BE-B91B-B3DEB03DA12E}.Release|Win32.ActiveCfg = Release|Win32
		{F1EEBF87-28F6-46BE-B91B-B3DEB03DA12E}.Release|Win32.Build.0 = Release|Win32
		{F1EEBF87-28F6-46BE-B91B-B3DEB03DA12E}.MinSizeRel|Win32.ActiveCfg = MinSizeRel|Win32
		{F1EEBF87-28F6-46BE-B91B-B3DEB03DA12E}.MinSizeRel|Win32.Build.0 = MinSizeRel|Win32
		{F1EEBF87-28F6-46BE-B91B-B3DEB03DA12E}.RelWithDebInfo|Win32.ActiveCfg = RelWithDebInfo|Win32
		{F1EEBF87-28F6-46BE-B91B-B3DEB03DA12E}.RelWithDebInfo|Win32.Build.0 = RelWithDebInfo|Win32
	EndGlobalSection
	GlobalSection(ExtensibilityGlobals) = postSolution
	EndGlobalSection
	GlobalSection(ExtensibilityAddIns) = postSolution
	EndGlobalSection
EndGlobal
